// !$*UTF8*$!
{
	archiveVersion = 1;
	classes = {
	};
	objectVersion = 56;
	objects = {

/* Begin PBXBuildFile section */
		EE7859562C7633D100C630F0 /* AppDelegate.swift in Sources */ = {isa = PBXBuildFile; fileRef = EE7859552C7633D100C630F0 /* AppDelegate.swift */; };
		EE7859582C7633D100C630F0 /* SceneDelegate.swift in Sources */ = {isa = PBXBuildFile; fileRef = EE7859572C7633D100C630F0 /* SceneDelegate.swift */; };
		EE78595A2C7633D100C630F0 /* ViewController.swift in Sources */ = {isa = PBXBuildFile; fileRef = EE7859592C7633D100C630F0 /* ViewController.swift */; };
		EE78595D2C7633D100C630F0 /* Main.storyboard in Resources */ = {isa = PBXBuildFile; fileRef = EE78595B2C7633D100C630F0 /* Main.storyboard */; };
		EE78595F2C7633D200C630F0 /* Assets.xcassets in Resources */ = {isa = PBXBuildFile; fileRef = EE78595E2C7633D200C630F0 /* Assets.xcassets */; };
		EE7859622C7633D200C630F0 /* LaunchScreen.storyboard in Resources */ = {isa = PBXBuildFile; fileRef = EE7859602C7633D200C630F0 /* LaunchScreen.storyboard */; };
		EE78596D2C7633D200C630F0 /* testsampleTests.swift in Sources */ = {isa = PBXBuildFile; fileRef = EE78596C2C7633D200C630F0 /* testsampleTests.swift */; };
		EE7859772C7633D300C630F0 /* testsampleUITests.swift in Sources */ = {isa = PBXBuildFile; fileRef = EE7859762C7633D300C630F0 /* testsampleUITests.swift */; };
		EE7859792C7633D300C630F0 /* testsampleUITestsLaunchTests.swift in Sources */ = {isa = PBXBuildFile; fileRef = EE7859782C7633D300C630F0 /* testsampleUITestsLaunchTests.swift */; };
		EE7859862C76358200C630F0 /* ViewController2.swift in Sources */ = {isa = PBXBuildFile; fileRef = EE7859852C76358200C630F0 /* ViewController2.swift */; };
/* End PBXBuildFile section */

/* Begin PBXContainerItemProxy section */
		EE7859692C7633D200C630F0 /* PBXContainerItemProxy */ = {
			isa = PBXContainerItemProxy;
			containerPortal = EE78594A2C7633D100C630F0 /* Project object */;
			proxyType = 1;
			remoteGlobalIDString = EE7859512C7633D100C630F0;
			remoteInfo = testsample;
		};
		EE7859732C7633D300C630F0 /* PBXContainerItemProxy */ = {
			isa = PBXContainerItemProxy;
			containerPortal = EE78594A2C7633D100C630F0 /* Project object */;
			proxyType = 1;
			remoteGlobalIDString = EE7859512C7633D100C630F0;
			remoteInfo = testsample;
		};
/* End PBXContainerItemProxy section */

/* Begin PBXFileReference section */
		EE7859522C7633D100C630F0 /* testsample.app */ = {isa = PBXFileReference; explicitFileType = wrapper.application; includeInIndex = 0; path = testsample.app; sourceTree = BUILT_PRODUCTS_DIR; };
		EE7859552C7633D100C630F0 /* AppDelegate.swift */ = {isa = PBXFileReference; lastKnownFileType = sourcecode.swift; path = AppDelegate.swift; sourceTree = "<group>"; };
		EE7859572C7633D100C630F0 /* SceneDelegate.swift */ = {isa = PBXFileReference; lastKnownFileType = sourcecode.swift; path = SceneDelegate.swift; sourceTree = "<group>"; };
		EE7859592C7633D100C630F0 /* ViewController.swift */ = {isa = PBXFileReference; lastKnownFileType = sourcecode.swift; path = ViewController.swift; sourceTree = "<group>"; };
		EE78595C2C7633D100C630F0 /* Base */ = {isa = PBXFileReference; lastKnownFileType = file.storyboard; name = Base; path = Base.lproj/Main.storyboard; sourceTree = "<group>"; };
		EE78595E2C7633D200C630F0 /* Assets.xcassets */ = {isa = PBXFileReference; lastKnownFileType = folder.assetcatalog; path = Assets.xcassets; sourceTree = "<group>"; };
		EE7859612C7633D200C630F0 /* Base */ = {isa = PBXFileReference; lastKnownFileType = file.storyboard; name = Base; path = Base.lproj/LaunchScreen.storyboard; sourceTree = "<group>"; };
		EE7859632C7633D200C630F0 /* Info.plist */ = {isa = PBXFileReference; lastKnownFileType = text.plist.xml; path = Info.plist; sourceTree = "<group>"; };
		EE7859682C7633D200C630F0 /* testsampleTests.xctest */ = {isa = PBXFileReference; explicitFileType = wrapper.cfbundle; includeInIndex = 0; path = testsampleTests.xctest; sourceTree = BUILT_PRODUCTS_DIR; };
		EE78596C2C7633D200C630F0 /* testsampleTests.swift */ = {isa = PBXFileReference; lastKnownFileType = sourcecode.swift; path = testsampleTests.swift; sourceTree = "<group>"; };
		EE7859722C7633D300C630F0 /* testsampleUITests.xctest */ = {isa = PBXFileReference; explicitFileType = wrapper.cfbundle; includeInIndex = 0; path = testsampleUITests.xctest; sourceTree = BUILT_PRODUCTS_DIR; };
		EE7859762C7633D300C630F0 /* testsampleUITests.swift */ = {isa = PBXFileReference; lastKnownFileType = sourcecode.swift; path = testsampleUITests.swift; sourceTree = "<group>"; };
		EE7859782C7633D300C630F0 /* testsampleUITestsLaunchTests.swift */ = {isa = PBXFileReference; lastKnownFileType = sourcecode.swift; path = testsampleUITestsLaunchTests.swift; sourceTree = "<group>"; };
		EE7859852C76358200C630F0 /* ViewController2.swift */ = {isa = PBXFileReference; lastKnownFileType = sourcecode.swift; path = ViewController2.swift; sourceTree = "<group>"; };
/* End PBXFileReference section */

/* Begin PBXFrameworksBuildPhase section */
		EE78594F2C7633D100C630F0 /* Frameworks */ = {
			isa = PBXFrameworksBuildPhase;
			buildActionMask = 2147483647;
			files = (
			);
			runOnlyForDeploymentPostprocessing = 0;
		};
		EE7859652C7633D200C630F0 /* Frameworks */ = {
			isa = PBXFrameworksBuildPhase;
			buildActionMask = 2147483647;
			files = (
			);
			runOnlyForDeploymentPostprocessing = 0;
		};
		EE78596F2C7633D300C630F0 /* Frameworks */ = {
			isa = PBXFrameworksBuildPhase;
			buildActionMask = 2147483647;
			files = (
			);
			runOnlyForDeploymentPostprocessing = 0;
		};
/* End PBXFrameworksBuildPhase section */

/* Begin PBXGroup section */
		EE7859492C7633D100C630F0 = {
			isa = PBXGroup;
			children = (
				EE7859542C7633D100C630F0 /* testsample */,
				EE78596B2C7633D200C630F0 /* testsampleTests */,
				EE7859752C7633D300C630F0 /* testsampleUITests */,
				EE7859532C7633D100C630F0 /* Products */,
			);
			sourceTree = "<group>";
		};
		EE7859532C7633D100C630F0 /* Products */ = {
			isa = PBXGroup;
			children = (
				EE7859522C7633D100C630F0 /* testsample.app */,
				EE7859682C7633D200C630F0 /* testsampleTests.xctest */,
				EE7859722C7633D300C630F0 /* testsampleUITests.xctest */,
			);
			name = Products;
			sourceTree = "<group>";
		};
		EE7859542C7633D100C630F0 /* testsample */ = {
			isa = PBXGroup;
			children = (
				EE7859552C7633D100C630F0 /* AppDelegate.swift */,
				EE7859572C7633D100C630F0 /* SceneDelegate.swift */,
				EE7859592C7633D100C630F0 /* ViewController.swift */,
				EE7859852C76358200C630F0 /* ViewController2.swift */,
				EE78595B2C7633D100C630F0 /* Main.storyboard */,
				EE78595E2C7633D200C630F0 /* Assets.xcassets */,
				EE7859602C7633D200C630F0 /* LaunchScreen.storyboard */,
				EE7859632C7633D200C630F0 /* Info.plist */,
			);
			path = testsample;
			sourceTree = "<group>";
		};
		EE78596B2C7633D200C630F0 /* testsampleTests */ = {
			isa = PBXGroup;
			children = (
				EE78596C2C7633D200C630F0 /* testsampleTests.swift */,
			);
			path = testsampleTests;
			sourceTree = "<group>";
		};
		EE7859752C7633D300C630F0 /* testsampleUITests */ = {
			isa = PBXGroup;
			children = (
				EE7859762C7633D300C630F0 /* testsampleUITests.swift */,
				EE7859782C7633D300C630F0 /* testsampleUITestsLaunchTests.swift */,
			);
			path = testsampleUITests;
			sourceTree = "<group>";
		};
/* End PBXGroup section */

/* Begin PBXNativeTarget section */
		EE7859512C7633D100C630F0 /* testsample */ = {
			isa = PBXNativeTarget;
			buildConfigurationList = EE78597C2C7633D300C630F0 /* Build configuration list for PBXNativeTarget "testsample" */;
			buildPhases = (
				EE78594E2C7633D100C630F0 /* Sources */,
				EE78594F2C7633D100C630F0 /* Frameworks */,
				EE7859502C7633D100C630F0 /* Resources */,
			);
			buildRules = (
			);
			dependencies = (
			);
			name = testsample;
			productName = testsample;
			productReference = EE7859522C7633D100C630F0 /* testsample.app */;
			productType = "com.apple.product-type.application";
		};
		EE7859672C7633D200C630F0 /* testsampleTests */ = {
			isa = PBXNativeTarget;
			buildConfigurationList = EE78597F2C7633D300C630F0 /* Build configuration list for PBXNativeTarget "testsampleTests" */;
			buildPhases = (
				EE7859642C7633D200C630F0 /* Sources */,
				EE7859652C7633D200C630F0 /* Frameworks */,
				EE7859662C7633D200C630F0 /* Resources */,
			);
			buildRules = (
			);
			dependencies = (
				EE78596A2C7633D200C630F0 /* PBXTargetDependency */,
			);
			name = testsampleTests;
			productName = testsampleTests;
			productReference = EE7859682C7633D200C630F0 /* testsampleTests.xctest */;
			productType = "com.apple.product-type.bundle.unit-test";
		};
		EE7859712C7633D300C630F0 /* testsampleUITests */ = {
			isa = PBXNativeTarget;
			buildConfigurationList = EE7859822C7633D300C630F0 /* Build configuration list for PBXNativeTarget "testsampleUITests" */;
			buildPhases = (
				EE78596E2C7633D300C630F0 /* Sources */,
				EE78596F2C7633D300C630F0 /* Frameworks */,
				EE7859702C7633D300C630F0 /* Resources */,
			);
			buildRules = (
			);
			dependencies = (
				EE7859742C7633D300C630F0 /* PBXTargetDependency */,
			);
			name = testsampleUITests;
			productName = testsampleUITests;
			productReference = EE7859722C7633D300C630F0 /* testsampleUITests.xctest */;
			productType = "com.apple.product-type.bundle.ui-testing";
		};
/* End PBXNativeTarget section */

/* Begin PBXProject section */
		EE78594A2C7633D100C630F0 /* Project object */ = {
			isa = PBXProject;
			attributes = {
				BuildIndependentTargetsInParallel = 1;
				LastSwiftUpdateCheck = 1520;
				LastUpgradeCheck = 1520;
				TargetAttributes = {
					EE7859512C7633D100C630F0 = {
						CreatedOnToolsVersion = 15.2;
					};
					EE7859672C7633D200C630F0 = {
						CreatedOnToolsVersion = 15.2;
						TestTargetID = EE7859512C7633D100C630F0;
					};
					EE7859712C7633D300C630F0 = {
						CreatedOnToolsVersion = 15.2;
						TestTargetID = EE7859512C7633D100C630F0;
					};
				};
			};
			buildConfigurationList = EE78594D2C7633D100C630F0 /* Build configuration list for PBXProject "testsample" */;
			compatibilityVersion = "Xcode 14.0";
			developmentRegion = en;
			hasScannedForEncodings = 0;
			knownRegions = (
				en,
				Base,
			);
			mainGroup = EE7859492C7633D100C630F0;
			productRefGroup = EE7859532C7633D100C630F0 /* Products */;
			projectDirPath = "";
			projectRoot = "";
			targets = (
				EE7859512C7633D100C630F0 /* testsample */,
				EE7859672C7633D200C630F0 /* testsampleTests */,
				EE7859712C7633D300C630F0 /* testsampleUITests */,
			);
		};
/* End PBXProject section */

/* Begin PBXResourcesBuildPhase section */
		EE7859502C7633D100C630F0 /* Resources */ = {
			isa = PBXResourcesBuildPhase;
			buildActionMask = 2147483647;
			files = (
				EE7859622C7633D200C630F0 /* LaunchScreen.storyboard in Resources */,
				EE78595F2C7633D200C630F0 /* Assets.xcassets in Resources */,
				EE78595D2C7633D100C630F0 /* Main.storyboard in Resources */,
			);
			runOnlyForDeploymentPostprocessing = 0;
		};
		EE7859662C7633D200C630F0 /* Resources */ = {
			isa = PBXResourcesBuildPhase;
			buildActionMask = 2147483647;
			files = (
			);
			runOnlyForDeploymentPostprocessing = 0;
		};
		EE7859702C7633D300C630F0 /* Resources */ = {
			isa = PBXResourcesBuildPhase;
			buildActionMask = 2147483647;
			files = (
			);
			runOnlyForDeploymentPostprocessing = 0;
		};
/* End PBXResourcesBuildPhase section */

/* Begin PBXSourcesBuildPhase section */
		EE78594E2C7633D100C630F0 /* Sources */ = {
			isa = PBXSourcesBuildPhase;
			buildActionMask = 2147483647;
			files = (
				EE78595A2C7633D100C630F0 /* ViewController.swift in Sources */,
				EE7859862C76358200C630F0 /* ViewController2.swift in Sources */,
				EE7859562C7633D100C630F0 /* AppDelegate.swift in Sources */,
				EE7859582C7633D100C630F0 /* SceneDelegate.swift in Sources */,
			);
			runOnlyForDeploymentPostprocessing = 0;
		};
		EE7859642C7633D200C630F0 /* Sources */ = {
			isa = PBXSourcesBuildPhase;
			buildActionMask = 2147483647;
			files = (
				EE78596D2C7633D200C630F0 /* testsampleTests.swift in Sources */,
			);
			runOnlyForDeploymentPostprocessing = 0;
		};
		EE78596E2C7633D300C630F0 /* Sources */ = {
			isa = PBXSourcesBuildPhase;
			buildActionMask = 2147483647;
			files = (
				EE7859792C7633D300C630F0 /* testsampleUITestsLaunchTests.swift in Sources */,
				EE7859772C7633D300C630F0 /* testsampleUITests.swift in Sources */,
			);
			runOnlyForDeploymentPostprocessing = 0;
		};
/* End PBXSourcesBuildPhase section */

/* Begin PBXTargetDependency section */
		EE78596A2C7633D200C630F0 /* PBXTargetDependency */ = {
			isa = PBXTargetDependency;
			target = EE7859512C7633D100C630F0 /* testsample */;
			targetProxy = EE7859692C7633D200C630F0 /* PBXContainerItemProxy */;
		};
		EE7859742C7633D300C630F0 /* PBXTargetDependency */ = {
			isa = PBXTargetDependency;
			target = EE7859512C7633D100C630F0 /* testsample */;
			targetProxy = EE7859732C7633D300C630F0 /* PBXContainerItemProxy */;
		};
/* End PBXTargetDependency section */

/* Begin PBXVariantGroup section */
		EE78595B2C7633D100C630F0 /* Main.storyboard */ = {
			isa = PBXVariantGroup;
			children = (
				EE78595C2C7633D100C630F0 /* Base */,
			);
			name = Main.storyboard;
			sourceTree = "<group>";
		};
		EE7859602C7633D200C630F0 /* LaunchScreen.storyboard */ = {
			isa = PBXVariantGroup;
			children = (
				EE7859612C7633D200C630F0 /* Base */,
			);
			name = LaunchScreen.storyboard;
			sourceTree = "<group>";
		};
/* End PBXVariantGroup section */

/* Begin XCBuildConfiguration section */
		EE78597A2C7633D300C630F0 /* Debug */ = {
			isa = XCBuildConfiguration;
			buildSettings = {
				ALWAYS_SEARCH_USER_PATHS = NO;
				ASSETCATALOG_COMPILER_GENERATE_SWIFT_ASSET_SYMBOL_EXTENSIONS = YES;
				CLANG_ANALYZER_NONNULL = YES;
				CLANG_ANALYZER_NUMBER_OBJECT_CONVERSION = YES_AGGRESSIVE;
				CLANG_CXX_LANGUAGE_STANDARD = "gnu++20";
				CLANG_ENABLE_MODULES = YES;
				CLANG_ENABLE_OBJC_ARC = YES;
				CLANG_ENABLE_OBJC_WEAK = YES;
				CLANG_WARN_BLOCK_CAPTURE_AUTORELEASING = YES;
				CLANG_WARN_BOOL_CONVERSION = YES;
				CLANG_WARN_COMMA = YES;
				CLANG_WARN_CONSTANT_CONVERSION = YES;
				CLANG_WARN_DEPRECATED_OBJC_IMPLEMENTATIONS = YES;
				CLANG_WARN_DIRECT_OBJC_ISA_USAGE = YES_ERROR;
				CLANG_WARN_DOCUMENTATION_COMMENTS = YES;
				CLANG_WARN_EMPTY_BODY = YES;
				CLANG_WARN_ENUM_CONVERSION = YES;
				CLANG_WARN_INFINITE_RECURSION = YES;
				CLANG_WARN_INT_CONVERSION = YES;
				CLANG_WARN_NON_LITERAL_NULL_CONVERSION = YES;
				CLANG_WARN_OBJC_IMPLICIT_RETAIN_SELF = YES;
				CLANG_WARN_OBJC_LITERAL_CONVERSION = YES;
				CLANG_WARN_OBJC_ROOT_CLASS = YES_ERROR;
				CLANG_WARN_QUOTED_INCLUDE_IN_FRAMEWORK_HEADER = YES;
				CLANG_WARN_RANGE_LOOP_ANALYSIS = YES;
				CLANG_WARN_STRICT_PROTOTYPES = YES;
				CLANG_WARN_SUSPICIOUS_MOVE = YES;
				CLANG_WARN_UNGUARDED_AVAILABILITY = YES_AGGRESSIVE;
				CLANG_WARN_UNREACHABLE_CODE = YES;
				CLANG_WARN__DUPLICATE_METHOD_MATCH = YES;
				COPY_PHASE_STRIP = NO;
				DEBUG_INFORMATION_FORMAT = dwarf;
				ENABLE_STRICT_OBJC_MSGSEND = YES;
				ENABLE_TESTABILITY = YES;
				ENABLE_USER_SCRIPT_SANDBOXING = YES;
				GCC_C_LANGUAGE_STANDARD = gnu17;
				GCC_DYNAMIC_NO_PIC = NO;
				GCC_NO_COMMON_BLOCKS = YES;
				GCC_OPTIMIZATION_LEVEL = 0;
				GCC_PREPROCESSOR_DEFINITIONS = (
					"DEBUG=1",
					"$(inherited)",
				);
				GCC_WARN_64_TO_32_BIT_CONVERSION = YES;
				GCC_WARN_ABOUT_RETURN_TYPE = YES_ERROR;
				GCC_WARN_UNDECLARED_SELECTOR = YES;
				GCC_WARN_UNINITIALIZED_AUTOS = YES_AGGRESSIVE;
				GCC_WARN_UNUSED_FUNCTION = YES;
				GCC_WARN_UNUSED_VARIABLE = YES;
				IPHONEOS_DEPLOYMENT_TARGET = 17.2;
				LOCALIZATION_PREFERS_STRING_CATALOGS = YES;
				MTL_ENABLE_DEBUG_INFO = INCLUDE_SOURCE;
				MTL_FAST_MATH = YES;
				ONLY_ACTIVE_ARCH = YES;
				SDKROOT = iphoneos;
				SWIFT_ACTIVE_COMPILATION_CONDITIONS = "DEBUG $(inherited)";
				SWIFT_OPTIMIZATION_LEVEL = "-Onone";
			};
			name = Debug;
		};
		EE78597B2C7633D300C630F0 /* Release */ = {
			isa = XCBuildConfiguration;
			buildSettings = {
				ALWAYS_SEARCH_USER_PATHS = NO;
				ASSETCATALOG_COMPILER_GENERATE_SWIFT_ASSET_SYMBOL_EXTENSIONS = YES;
				CLANG_ANALYZER_NONNULL = YES;
				CLANG_ANALYZER_NUMBER_OBJECT_CONVERSION = YES_AGGRESSIVE;
				CLANG_CXX_LANGUAGE_STANDARD = "gnu++20";
				CLANG_ENABLE_MODULES = YES;
				CLANG_ENABLE_OBJC_ARC = YES;
				CLANG_ENABLE_OBJC_WEAK = YES;
				CLANG_WARN_BLOCK_CAPTURE_AUTORELEASING = YES;
				CLANG_WARN_BOOL_CONVERSION = YES;
				CLANG_WARN_COMMA = YES;
				CLANG_WARN_CONSTANT_CONVERSION = YES;
				CLANG_WARN_DEPRECATED_OBJC_IMPLEMENTATIONS = YES;
				CLANG_WARN_DIRECT_OBJC_ISA_USAGE = YES_ERROR;
				CLANG_WARN_DOCUMENTATION_COMMENTS = YES;
				CLANG_WARN_EMPTY_BODY = YES;
				CLANG_WARN_ENUM_CONVERSION = YES;
				CLANG_WARN_INFINITE_RECURSION = YES;
				CLANG_WARN_INT_CONVERSION = YES;
				CLANG_WARN_NON_LITERAL_NULL_CONVERSION = YES;
				CLANG_WARN_OBJC_IMPLICIT_RETAIN_SELF = YES;
				CLANG_WARN_OBJC_LITERAL_CONVERSION = YES;
				CLANG_WARN_OBJC_ROOT_CLASS = YES_ERROR;
				CLANG_WARN_QUOTED_INCLUDE_IN_FRAMEWORK_HEADER = YES;
				CLANG_WARN_RANGE_LOOP_ANALYSIS = YES;
				CLANG_WARN_STRICT_PROTOTYPES = YES;
				CLANG_WARN_SUSPICIOUS_MOVE = YES;
				CLANG_WARN_UNGUARDED_AVAILABILITY = YES_AGGRESSIVE;
				CLANG_WARN_UNREACHABLE_CODE = YES;
				CLANG_WARN__DUPLICATE_METHOD_MATCH = YES;
				COPY_PHASE_STRIP = NO;
				DEBUG_INFORMATION_FORMAT = "dwarf-with-dsym";
				ENABLE_NS_ASSERTIONS = NO;
				ENABLE_STRICT_OBJC_MSGSEND = YES;
				ENABLE_USER_SCRIPT_SANDBOXING = YES;
				GCC_C_LANGUAGE_STANDARD = gnu17;
				GCC_NO_COMMON_BLOCKS = YES;
				GCC_WARN_64_TO_32_BIT_CONVERSION = YES;
				GCC_WARN_ABOUT_RETURN_TYPE = YES_ERROR;
				GCC_WARN_UNDECLARED_SELECTOR = YES;
				GCC_WARN_UNINITIALIZED_AUTOS = YES_AGGRESSIVE;
				GCC_WARN_UNUSED_FUNCTION = YES;
				GCC_WARN_UNUSED_VARIABLE = YES;
				IPHONEOS_DEPLOYMENT_TARGET = 17.2;
				LOCALIZATION_PREFERS_STRING_CATALOGS = YES;
				MTL_ENABLE_DEBUG_INFO = NO;
				MTL_FAST_MATH = YES;
				SDKROOT = iphoneos;
				SWIFT_COMPILATION_MODE = wholemodule;
				VALIDATE_PRODUCT = YES;
			};
			name = Release;
		};
		EE78597D2C7633D300C630F0 /* Debug */ = {
			isa = XCBuildConfiguration;
			buildSettings = {
				ASSETCATALOG_COMPILER_APPICON_NAME = AppIcon;
				ASSETCATALOG_COMPILER_GLOBAL_ACCENT_COLOR_NAME = AccentColor;
				CODE_SIGN_STYLE = Automatic;
				CURRENT_PROJECT_VERSION = 1;
				GENERATE_INFOPLIST_FILE = YES;
				INFOPLIST_FILE = testsample/Info.plist;
				INFOPLIST_KEY_UIApplicationSupportsIndirectInputEvents = YES;
				INFOPLIST_KEY_UILaunchStoryboardName = LaunchScreen;
				INFOPLIST_KEY_UIMainStoryboardFile = Main;
				INFOPLIST_KEY_UISupportedInterfaceOrientations_iPad = "UIInterfaceOrientationPortrait UIInterfaceOrientationPortraitUpsideDown UIInterfaceOrientationLandscapeLeft UIInterfaceOrientationLandscapeRight";
				INFOPLIST_KEY_UISupportedInterfaceOrientations_iPhone = "UIInterfaceOrientationPortrait UIInterfaceOrientationLandscapeLeft UIInterfaceOrientationLandscapeRight";
				LD_RUNPATH_SEARCH_PATHS = (
					"$(inherited)",
					"@executable_path/Frameworks",
				);
				MARKETING_VERSION = 1.0;
				PRODUCT_BUNDLE_IDENTIFIER = com.abhi.testsample;
				PRODUCT_NAME = "$(TARGET_NAME)";
				SWIFT_EMIT_LOC_STRINGS = YES;
				SWIFT_VERSION = 5.0;
				TARGETED_DEVICE_FAMILY = "1,2";
			};
			name = Debug;
		};
		EE78597E2C7633D300C630F0 /* Release */ = {
			isa = XCBuildConfiguration;
			buildSettings = {
				ASSETCATALOG_COMPILER_APPICON_NAME = AppIcon;
				ASSETCATALOG_COMPILER_GLOBAL_ACCENT_COLOR_NAME = AccentColor;
				CODE_SIGN_STYLE = Automatic;
				CURRENT_PROJECT_VERSION = 1;
				GENERATE_INFOPLIST_FILE = YES;
				INFOPLIST_FILE = testsample/Info.plist;
				INFOPLIST_KEY_UIApplicationSupportsIndirectInputEvents = YES;
				INFOPLIST_KEY_UILaunchStoryboardName = LaunchScreen;
				INFOPLIST_KEY_UIMainStoryboardFile = Main;
				INFOPLIST_KEY_UISupportedInterfaceOrientations_iPad = "UIInterfaceOrientationPortrait UIInterfaceOrientationPortraitUpsideDown UIInterfaceOrientationLandscapeLeft UIInterfaceOrientationLandscapeRight";
				INFOPLIST_KEY_UISupportedInterfaceOrientations_iPhone = "UIInterfaceOrientationPortrait UIInterfaceOrientationLandscapeLeft UIInterfaceOrientationLandscapeRight";
				LD_RUNPATH_SEARCH_PATHS = (
					"$(inherited)",
					"@executable_path/Frameworks",
				);
				MARKETING_VERSION = 1.0;
				PRODUCT_BUNDLE_IDENTIFIER = com.abhi.testsample;
				PRODUCT_NAME = "$(TARGET_NAME)";
				SWIFT_EMIT_LOC_STRINGS = YES;
				SWIFT_VERSION = 5.0;
				TARGETED_DEVICE_FAMILY = "1,2";
			};
			name = Release;
		};
		EE7859802C7633D300C630F0 /* Debug */ = {
			isa = XCBuildConfiguration;
			buildSettings = {
				ALWAYS_EMBED_SWIFT_STANDARD_LIBRARIES = YES;
				BUNDLE_LOADER = "$(TEST_HOST)";
				CODE_SIGN_STYLE = Automatic;
				CURRENT_PROJECT_VERSION = 1;
				GENERATE_INFOPLIST_FILE = YES;
				IPHONEOS_DEPLOYMENT_TARGET = 17.2;
				MARKETING_VERSION = 1.0;
				PRODUCT_BUNDLE_IDENTIFIER = com.abhi.testsampleTests;
				PRODUCT_NAME = "$(TARGET_NAME)";
				SWIFT_EMIT_LOC_STRINGS = NO;
				SWIFT_VERSION = 5.0;
				TARGETED_DEVICE_FAMILY = "1,2";
				TEST_HOST = "$(BUILT_PRODUCTS_DIR)/testsample.app/$(BUNDLE_EXECUTABLE_FOLDER_PATH)/testsample";
			};
			name = Debug;
		};
		EE7859812C7633D300C630F0 /* Release */ = {
			isa = XCBuildConfiguration;
			buildSettings = {
				ALWAYS_EMBED_SWIFT_STANDARD_LIBRARIES = YES;
				BUNDLE_LOADER = "$(TEST_HOST)";
				CODE_SIGN_STYLE = Automatic;
				CURRENT_PROJECT_VERSION = 1;
				GENERATE_INFOPLIST_FILE = YES;
				IPHONEOS_DEPLOYMENT_TARGET = 17.2;
				MARKETING_VERSION = 1.0;
				PRODUCT_BUNDLE_IDENTIFIER = com.abhi.testsampleTests;
				PRODUCT_NAME = "$(TARGET_NAME)";
				SWIFT_EMIT_LOC_STRINGS = NO;
				SWIFT_VERSION = 5.0;
				TARGETED_DEVICE_FAMILY = "1,2";
				TEST_HOST = "$(BUILT_PRODUCTS_DIR)/testsample.app/$(BUNDLE_EXECUTABLE_FOLDER_PATH)/testsample";
			};
			name = Release;
		};
		EE7859832C7633D300C630F0 /* Debug */ = {
			isa = XCBuildConfiguration;
			buildSettings = {
				ALWAYS_EMBED_SWIFT_STANDARD_LIBRARIES = YES;
				CODE_SIGN_STYLE = Automatic;
				CURRENT_PROJECT_VERSION = 1;
				GENERATE_INFOPLIST_FILE = YES;
				MARKETING_VERSION = 1.0;
				PRODUCT_BUNDLE_IDENTIFIER = com.abhi.testsampleUITests;
				PRODUCT_NAME = "$(TARGET_NAME)";
				SWIFT_EMIT_LOC_STRINGS = NO;
				SWIFT_VERSION = 5.0;
				TARGETED_DEVICE_FAMILY = "1,2";
				TEST_TARGET_NAME = testsample;
			};
			name = Debug;
		};
		EE7859842C7633D300C630F0 /* Release */ = {
			isa = XCBuildConfiguration;
			buildSettings = {
				ALWAYS_EMBED_SWIFT_STANDARD_LIBRARIES = YES;
				CODE_SIGN_STYLE = Automatic;
				CURRENT_PROJECT_VERSION = 1;
				GENERATE_INFOPLIST_FILE = YES;
				MARKETING_VERSION = 1.0;
				PRODUCT_BUNDLE_IDENTIFIER = com.abhi.testsampleUITests;
				PRODUCT_NAME = "$(TARGET_NAME)";
				SWIFT_EMIT_LOC_STRINGS = NO;
				SWIFT_VERSION = 5.0;
				TARGETED_DEVICE_FAMILY = "1,2";
				TEST_TARGET_NAME = testsample;
			};
			name = Release;
		};
/* End XCBuildConfiguration section */

/* Begin XCConfigurationList section */
		EE78594D2C7633D100C630F0 /* Build configuration list for PBXProject "testsample" */ = {
			isa = XCConfigurationList;
			buildConfigurations = (
				EE78597A2C7633D300C630F0 /* Debug */,
				EE78597B2C7633D300C630F0 /* Release */,
			);
			defaultConfigurationIsVisible = 0;
			defaultConfigurationName = Release;
		};
		EE78597C2C7633D300C630F0 /* Build configuration list for PBXNativeTarget "testsample" */ = {
			isa = XCConfigurationList;
			buildConfigurations = (
				EE78597D2C7633D300C630F0 /* Debug */,
				EE78597E2C7633D300C630F0 /* Release */,
			);
			defaultConfigurationIsVisible = 0;
			defaultConfigurationName = Release;
		};
		EE78597F2C7633D300C630F0 /* Build configuration list for PBXNativeTarget "testsampleTests" */ = {
			isa = XCConfigurationList;
			buildConfigurations = (
				EE7859802C7633D300C630F0 /* Debug */,
				EE7859812C7633D300C630F0 /* Release */,
			);
			defaultConfigurationIsVisible = 0;
			defaultConfigurationName = Release;
		};
		EE7859822C7633D300C630F0 /* Build configuration list for PBXNativeTarget "testsampleUITests" */ = {
			isa = XCConfigurationList;
			buildConfigurations = (
				EE7859832C7633D300C630F0 /* Debug */,
				EE7859842C7633D300C630F0 /* Release */,
			);
			defaultConfigurationIsVisible = 0;
			defaultConfigurationName = Release;
		};
/* End XCConfigurationList section */
	};
	rootObject = EE78594A2C7633D100C630F0 /* Project object */;
}
